
Microsoft Visual Studio Solution File, Format Version 12.00
# Visual Studio 15
VisualStudioVersion = 15.0.27130.2010
MinimumVisualStudioVersion = 10.0.40219.1
Project("{FAE04EC0-301F-11D3-BF4B-00C04F79EFBC}") = "WeatherData.III.AcceptanceTests", "WeatherData.III.AcceptanceTests\WeatherData.III.AcceptanceTests.csproj", "{D13A3E68-CD23-44DE-AFAA-FA11DAA35B1B}"
EndProject
Project("{182E2583-ECAD-465B-BB50-91101D7C24CE}") = "WeatherData.III.Analytics", "WeatherData.III.Analytics\WeatherData.III.Analytics.usqlproj", "{EE3CA9A4-0DE4-44C5-BDC9-C6471680C832}"
EndProject
Project("{FAE04EC0-301F-11D3-BF4B-00C04F79EFBC}") = "WeatherData.III.Objects", "WeatherData.III.Objects\WeatherData.III.Objects.csproj", "{20C570AF-3ECC-40CB-9064-BE3CF3139218}"
EndProject
Project("{182E2583-ECAD-465B-BB50-91101D7C24CE}") = "WeatherData.III.DataDefinition", "WeatherData.III.DataDefinition\WeatherData.III.DataDefinition.usqlproj", "{B450AFB3-CA1B-4721-81E3-DC9288BBEF59}"
EndProject
Global
	GlobalSection(SolutionConfigurationPlatforms) = preSolution
		Debug|Any CPU = Debug|Any CPU
		Debug|x64 = Debug|x64
		Debug|x86 = Debug|x86
		Release|Any CPU = Release|Any CPU
		Release|x64 = Release|x64
		Release|x86 = Release|x86
	EndGlobalSection
	GlobalSection(ProjectConfigurationPlatforms) = postSolution
		{D13A3E68-CD23-44DE-AFAA-FA11DAA35B1B}.Debug|Any CPU.ActiveCfg = Debug|Any CPU
		{D13A3E68-CD23-44DE-AFAA-FA11DAA35B1B}.Debug|Any CPU.Build.0 = Debug|Any CPU
		{D13A3E68-CD23-44DE-AFAA-FA11DAA35B1B}.Debug|x64.ActiveCfg = Debug|Any CPU
		{D13A3E68-CD23-44DE-AFAA-FA11DAA35B1B}.Debug|x64.Build.0 = Debug|Any CPU
		{D13A3E68-CD23-44DE-AFAA-FA11DAA35B1B}.Debug|x86.ActiveCfg = Debug|Any CPU
		{D13A3E68-CD23-44DE-AFAA-FA11DAA35B1B}.Debug|x86.Build.0 = Debug|Any CPU
		{D13A3E68-CD23-44DE-AFAA-FA11DAA35B1B}.Release|Any CPU.ActiveCfg = Release|Any CPU
		{D13A3E68-CD23-44DE-AFAA-FA11DAA35B1B}.Release|Any CPU.Build.0 = Release|Any CPU
		{D13A3E68-CD23-44DE-AFAA-FA11DAA35B1B}.Release|x64.ActiveCfg = Release|Any CPU
		{D13A3E68-CD23-44DE-AFAA-FA11DAA35B1B}.Release|x64.Build.0 = Release|Any CPU
		{D13A3E68-CD23-44DE-AFAA-FA11DAA35B1B}.Release|x86.ActiveCfg = Release|Any CPU
		{D13A3E68-CD23-44DE-AFAA-FA11DAA35B1B}.Release|x86.Build.0 = Release|Any CPU
		{EE3CA9A4-0DE4-44C5-BDC9-C6471680C832}.Debug|Any CPU.ActiveCfg = Debug|Any CPU
		{EE3CA9A4-0DE4-44C5-BDC9-C6471680C832}.Debug|Any CPU.Build.0 = Debug|Any CPU
		{EE3CA9A4-0DE4-44C5-BDC9-C6471680C832}.Debug|x64.ActiveCfg = Debug|x64
		{EE3CA9A4-0DE4-44C5-BDC9-C6471680C832}.Debug|x64.Build.0 = Debug|x64
		{EE3CA9A4-0DE4-44C5-BDC9-C6471680C832}.Debug|x86.ActiveCfg = Debug|x86
		{EE3CA9A4-0DE4-44C5-BDC9-C6471680C832}.Debug|x86.Build.0 = Debug|x86
		{EE3CA9A4-0DE4-44C5-BDC9-C6471680C832}.Release|Any CPU.ActiveCfg = Release|Any CPU
		{EE3CA9A4-0DE4-44C5-BDC9-C6471680C832}.Release|Any CPU.Build.0 = Release|Any CPU
		{EE3CA9A4-0DE4-44C5-BDC9-C6471680C832}.Release|x64.ActiveCfg = Release|x64
		{EE3CA9A4-0DE4-44C5-BDC9-C6471680C832}.Release|x64.Build.0 = Release|x64
		{EE3CA9A4-0DE4-44C5-BDC9-C6471680C832}.Release|x86.ActiveCfg = Release|x86
		{EE3CA9A4-0DE4-44C5-BDC9-C6471680C832}.Release|x86.Build.0 = Release|x86
		{20C570AF-3ECC-40CB-9064-BE3CF3139218}.Debug|Any CPU.ActiveCfg = Debug|Any CPU
		{20C570AF-3ECC-40CB-9064-BE3CF3139218}.Debug|Any CPU.Build.0 = Debug|Any CPU
		{20C570AF-3ECC-40CB-9064-BE3CF3139218}.Debug|x64.ActiveCfg = Debug|Any CPU
		{20C570AF-3ECC-40CB-9064-BE3CF3139218}.Debug|x64.Build.0 = Debug|Any CPU
		{20C570AF-3ECC-40CB-9064-BE3CF3139218}.Debug|x86.ActiveCfg = Debug|Any CPU
		{20C570AF-3ECC-40CB-9064-BE3CF3139218}.Debug|x86.Build.0 = Debug|Any CPU
		{20C570AF-3ECC-40CB-9064-BE3CF3139218}.Release|Any CPU.ActiveCfg = Release|Any CPU
		{20C570AF-3ECC-40CB-9064-BE3CF3139218}.Release|Any CPU.Build.0 = Release|Any CPU
		{20C570AF-3ECC-40CB-9064-BE3CF3139218}.Release|x64.ActiveCfg = Release|Any CPU
		{20C570AF-3ECC-40CB-9064-BE3CF3139218}.Release|x64.Build.0 = Release|Any CPU
		{20C570AF-3ECC-40CB-9064-BE3CF3139218}.Release|x86.ActiveCfg = Release|Any CPU
		{20C570AF-3ECC-40CB-9064-BE3CF3139218}.Release|x86.Build.0 = Release|Any CPU
		{B450AFB3-CA1B-4721-81E3-DC9288BBEF59}.Debug|Any CPU.ActiveCfg = Debug|Any CPU
		{B450AFB3-CA1B-4721-81E3-DC9288BBEF59}.Debug|Any CPU.Build.0 = Debug|Any CPU
		{B450AFB3-CA1B-4721-81E3-DC9288BBEF59}.Debug|x64.ActiveCfg = Debug|x64
		{B450AFB3-CA1B-4721-81E3-DC9288BBEF59}.Debug|x64.Build.0 = Debug|x64
		{B450AFB3-CA1B-4721-81E3-DC9288BBEF59}.Debug|x86.ActiveCfg = Debug|x86
		{B450AFB3-CA1B-4721-81E3-DC9288BBEF59}.Debug|x86.Build.0 = Debug|x86
		{B450AFB3-CA1B-4721-81E3-DC9288BBEF59}.Release|Any CPU.ActiveCfg = Release|Any CPU
		{B450AFB3-CA1B-4721-81E3-DC9288BBEF59}.Release|Any CPU.Build.0 = Release|Any CPU
		{B450AFB3-CA1B-4721-81E3-DC9288BBEF59}.Release|x64.ActiveCfg = Release|x64
		{B450AFB3-CA1B-4721-81E3-DC9288BBEF59}.Release|x64.Build.0 = Release|x64
		{B450AFB3-CA1B-4721-81E3-DC9288BBEF59}.Release|x86.ActiveCfg = Release|x86
		{B450AFB3-CA1B-4721-81E3-DC9288BBEF59}.Release|x86.Build.0 = Release|x86
	EndGlobalSection
	GlobalSection(SolutionProperties) = preSolution
		HideSolutionNode = FALSE
	EndGlobalSection
	GlobalSection(ExtensibilityGlobals) = postSolution
		SolutionGuid = {EA53BB3F-6320-4EBC-8F7A-A7B3CA6D4B4C}
	EndGlobalSection
EndGlobal
